// !$*UTF8*$!
{
	archiveVersion = 1;
	classes = {
	};
	objectVersion = 47;
	objects = {

/* Begin PBXBuildFile section */
		08FEB41489ABAA6339BFC4D0 /* Pods_SjekkUt.framework in Frameworks */ = {isa = PBXBuildFile; fileRef = 6316F0F599F97DE781965E07 /* Pods_SjekkUt.framework */; };
		5F60BEB69948B0C4E2E79AF0 /* Pods_SjekkUtTests.framework in Frameworks */ = {isa = PBXBuildFile; fileRef = 2BF84291107163DE673862F6 /* Pods_SjekkUtTests.framework */; };
		6C04BE391D61C60500741C42 /* DntImageSize+CoreDataProperties.m in Sources */ = {isa = PBXBuildFile; fileRef = 6C04BE361D61C60500741C42 /* DntImageSize+CoreDataProperties.m */; };
		6C04BE3A1D61C60500741C42 /* DntImageSize.m in Sources */ = {isa = PBXBuildFile; fileRef = 6C04BE381D61C60500741C42 /* DntImageSize.m */; };
		6C08F6791A8A0ACD0091D70A /* Localizable.strings in Resources */ = {isa = PBXBuildFile; fileRef = 6C08F67B1A8A0ACD0091D70A /* Localizable.strings */; };
		6C08F67F1A8A0C7B0091D70A /* FontAwesome.otf in Resources */ = {isa = PBXBuildFile; fileRef = 6C08F67E1A8A0C7B0091D70A /* FontAwesome.otf */; };
		6C1409A41B3000F700392F64 /* RulesView.m in Sources */ = {isa = PBXBuildFile; fileRef = 6C1409A31B3000F700392F64 /* RulesView.m */; };
		6C1F114A1B1087DA0003DD2B /* NSDateFormatter+instance.m in Sources */ = {isa = PBXBuildFile; fileRef = 6C1F11491B1087DA0003DD2B /* NSDateFormatter+instance.m */; };
		6C2F4EF11AE6348400E12F4E /* InfoPlist.strings in Resources */ = {isa = PBXBuildFile; fileRef = 6C2F4EEF1AE6348400E12F4E /* InfoPlist.strings */; };
		6C35DAAC1D535A930048114B /* PlaceSearch.swift in Sources */ = {isa = PBXBuildFile; fileRef = 6C35DAAB1D535A930048114B /* PlaceSearch.swift */; };
		6C36A12C1B0C855300169E98 /* Challenge+Extension.m in Sources */ = {isa = PBXBuildFile; fileRef = 6C36A12B1B0C855300169E98 /* Challenge+Extension.m */; };
		6C36A12F1B0C891300169E98 /* NSString+URL.m in Sources */ = {isa = PBXBuildFile; fileRef = 6C36A12E1B0C891300169E98 /* NSString+URL.m */; };
		6C36A13C1B0C99B100169E98 /* Summit.m in Sources */ = {isa = PBXBuildFile; fileRef = 6C36A13B1B0C99B100169E98 /* Summit.m */; };
		6C36A13F1B0C99B200169E98 /* Challenge.m in Sources */ = {isa = PBXBuildFile; fileRef = 6C36A13E1B0C99B100169E98 /* Challenge.m */; };
		6C36A1411B0CA7DB00169E98 /* storskrymten.gpx in Resources */ = {isa = PBXBuildFile; fileRef = 6C36A1401B0CA7DB00169E98 /* storskrymten.gpx */; };
		6C36A1441B0CA8A100169E98 /* besselvassheia.gpx in Resources */ = {isa = PBXBuildFile; fileRef = 6C36A1431B0CA8A100169E98 /* besselvassheia.gpx */; };
		6C36A1481B0CA8BB00169E98 /* cutehacks.gpx in Resources */ = {isa = PBXBuildFile; fileRef = 6C36A1471B0CA8BB00169E98 /* cutehacks.gpx */; };
		6C4A967A1D63288D00EA0B50 /* DntGroup+CoreDataProperties.m in Sources */ = {isa = PBXBuildFile; fileRef = 6C4A96771D63288D00EA0B50 /* DntGroup+CoreDataProperties.m */; };
		6C4A967B1D63288E00EA0B50 /* DntGroup.m in Sources */ = {isa = PBXBuildFile; fileRef = 6C4A96791D63288D00EA0B50 /* DntGroup.m */; };
		6C4A967D1D64492C00EA0B50 /* ObjCHelpers.swift in Sources */ = {isa = PBXBuildFile; fileRef = 6C4A967C1D64492C00EA0B50 /* ObjCHelpers.swift */; };
		6C54213F1AC98D8100F8315F /* CheckinStatistics+Extension.m in Sources */ = {isa = PBXBuildFile; fileRef = 6C54213E1AC98D8100F8315F /* CheckinStatistics+Extension.m */; };
		6C5421471AC98FDE00F8315F /* EntityScaffold.m in Sources */ = {isa = PBXBuildFile; fileRef = 6C5421461AC98FDE00F8315F /* EntityScaffold.m */; };
		6C5FDB161D48CFE300B7D25E /* DntApi.swift in Sources */ = {isa = PBXBuildFile; fileRef = 6C5FDB151D48CFE300B7D25E /* DntApi.swift */; };
		6C6FE1501A82332C002B5DD5 /* main.m in Sources */ = {isa = PBXBuildFile; fileRef = 6C6FE14F1A82332C002B5DD5 /* main.m */; };
		6C6FE1531A82332C002B5DD5 /* AppDelegate.m in Sources */ = {isa = PBXBuildFile; fileRef = 6C6FE1521A82332C002B5DD5 /* AppDelegate.m */; };
		6C6FE1561A82332C002B5DD5 /* SjekkUt.xcdatamodeld in Sources */ = {isa = PBXBuildFile; fileRef = 6C6FE1541A82332C002B5DD5 /* SjekkUt.xcdatamodeld */; };
		6C6FE15C1A82332C002B5DD5 /* Main.storyboard in Resources */ = {isa = PBXBuildFile; fileRef = 6C6FE15A1A82332C002B5DD5 /* Main.storyboard */; };
		6C6FE15E1A82332C002B5DD5 /* Images.xcassets in Resources */ = {isa = PBXBuildFile; fileRef = 6C6FE15D1A82332C002B5DD5 /* Images.xcassets */; };
		6C6FE1611A82332C002B5DD5 /* LaunchScreen.xib in Resources */ = {isa = PBXBuildFile; fileRef = 6C6FE15F1A82332C002B5DD5 /* LaunchScreen.xib */; };
		6C70642F1A82AE3000291137 /* ModelController.m in Sources */ = {isa = PBXBuildFile; fileRef = 6C70642E1A82AE3000291137 /* ModelController.m */; };
		6C70645D1A83838700291137 /* Location.m in Sources */ = {isa = PBXBuildFile; fileRef = 6C70645C1A83838700291137 /* Location.m */; };
		6C70A5371AFA4C150032187D /* DntRedView.m in Sources */ = {isa = PBXBuildFile; fileRef = 6C70A5361AFA4C150032187D /* DntRedView.m */; };
		6C72A3FB1A8B80E700A47AEE /* SjekkUtStyle.m in Sources */ = {isa = PBXBuildFile; fileRef = 6C72A3FA1A8B80E700A47AEE /* SjekkUtStyle.m */; };
		6C72A3FF1A8B835700A47AEE /* CheckinButton.m in Sources */ = {isa = PBXBuildFile; fileRef = 6C72A3FE1A8B835700A47AEE /* CheckinButton.m */; };
		6C72A4051A8B92D300A47AEE /* Settings.bundle in Resources */ = {isa = PBXBuildFile; fileRef = 6C72A4041A8B92D300A47AEE /* Settings.bundle */; };
		6C72A4081A8CE5CF00A47AEE /* DntNavigationBar.m in Sources */ = {isa = PBXBuildFile; fileRef = 6C72A4071A8CE5CF00A47AEE /* DntNavigationBar.m */; };
		6C73805F1D59C93F0052B063 /* Localizable.strings in Resources */ = {isa = PBXBuildFile; fileRef = 6C7380611D59C93F0052B063 /* Localizable.strings */; };
		6C7380641D59C9400052B063 /* InfoPlist.strings in Resources */ = {isa = PBXBuildFile; fileRef = 6C7380661D59C9400052B063 /* InfoPlist.strings */; };
		6C740AAF1B187F9C00176D2E /* opptur-splash-compressed.jpg in Resources */ = {isa = PBXBuildFile; fileRef = 6C740AAE1B187F9C00176D2E /* opptur-splash-compressed.jpg */; };
		6C740AB11B187FA600176D2E /* dnt-logo.png in Resources */ = {isa = PBXBuildFile; fileRef = 6C740AB01B187FA600176D2E /* dnt-logo.png */; };
		6C740AB71B1888F700176D2E /* ut-name.png in Resources */ = {isa = PBXBuildFile; fileRef = 6C740AB61B1888F700176D2E /* ut-name.png */; };
		6C7C027C1D48A00600853166 /* Place+CoreDataProperties.m in Sources */ = {isa = PBXBuildFile; fileRef = 6C7C02791D48A00600853166 /* Place+CoreDataProperties.m */; };
		6C7C027D1D48A00600853166 /* Place.m in Sources */ = {isa = PBXBuildFile; fileRef = 6C7C027B1D48A00600853166 /* Place.m */; };
		6C7C027F1D48A34100853166 /* PlaceCell.swift in Sources */ = {isa = PBXBuildFile; fileRef = 6C7C027E1D48A34100853166 /* PlaceCell.swift */; };
		6C7C02811D48A36A00853166 /* PlaceListView.swift in Sources */ = {isa = PBXBuildFile; fileRef = 6C7C02801D48A36A00853166 /* PlaceListView.swift */; };
		6CA3E13D1D49EF57003BA194 /* www.dnt.no.client_secret in Resources */ = {isa = PBXBuildFile; fileRef = 6CA3E1391D49EF57003BA194 /* www.dnt.no.client_secret */; };
		6CA3E13E1D49EF57003BA194 /* api.nasjonalturbase.no.api_key in Resources */ = {isa = PBXBuildFile; fileRef = 6CA3E13A1D49EF57003BA194 /* api.nasjonalturbase.no.api_key */; };
		6CA3E13F1D49EF57003BA194 /* dev.nasjonalturbase.no.api_key in Resources */ = {isa = PBXBuildFile; fileRef = 6CA3E13B1D49EF57003BA194 /* dev.nasjonalturbase.no.api_key */; };
		6CA3E1401D49EF57003BA194 /* www.dnt.no.client_id in Resources */ = {isa = PBXBuildFile; fileRef = 6CA3E13C1D49EF57003BA194 /* www.dnt.no.client_id */; };
		6CA3E1431D4A4908003BA194 /* PlaceView.swift in Sources */ = {isa = PBXBuildFile; fileRef = 6CA3E1421D4A4908003BA194 /* PlaceView.swift */; };
		6CB04DC01D48C9AC0024DE11 /* SjekkUtApi.swift in Sources */ = {isa = PBXBuildFile; fileRef = 6CB04DBF1D48C9AC0024DE11 /* SjekkUtApi.swift */; };
		6CB40DF81D460D260030433D /* LoginView.swift in Sources */ = {isa = PBXBuildFile; fileRef = 6CB40DF71D460D260030433D /* LoginView.swift */; };
		6CC799AF1D51E96800DFAF10 /* ProjectCell.swift in Sources */ = {isa = PBXBuildFile; fileRef = 6CC799AE1D51E96800DFAF10 /* ProjectCell.swift */; };
		6CC799BA1D51F5F700DFAF10 /* DntImage+CoreDataProperties.m in Sources */ = {isa = PBXBuildFile; fileRef = 6CC799B71D51F5F700DFAF10 /* DntImage+CoreDataProperties.m */; };
		6CC799BB1D51F5F700DFAF10 /* DntImage.m in Sources */ = {isa = PBXBuildFile; fileRef = 6CC799B91D51F5F700DFAF10 /* DntImage.m */; };
		6CC799C31D52110B00DFAF10 /* Checkin+CoreDataProperties.m in Sources */ = {isa = PBXBuildFile; fileRef = 6CC799C01D52110B00DFAF10 /* Checkin+CoreDataProperties.m */; };
		6CC799C41D52110B00DFAF10 /* Checkin.m in Sources */ = {isa = PBXBuildFile; fileRef = 6CC799C21D52110B00DFAF10 /* Checkin.m */; };
		6CD3E3641D532DC900A90E12 /* DntColor.swift in Sources */ = {isa = PBXBuildFile; fileRef = 6CD3E3631D532DC900A90E12 /* DntColor.swift */; };
		6CDC3E0B1D54ABF2003A0F3B /* maps.google.com.static.api_key in Resources */ = {isa = PBXBuildFile; fileRef = 6CDC3E0A1D54ABF2003A0F3B /* maps.google.com.static.api_key */; };
		6CDE75931AEA50F10067110C /* CheckinStatistics.m in Sources */ = {isa = PBXBuildFile; fileRef = 6CDE758D1AEA50F00067110C /* CheckinStatistics.m */; };
		6CDE75951AEA50F10067110C /* Comment.m in Sources */ = {isa = PBXBuildFile; fileRef = 6CDE75911AEA50F10067110C /* Comment.m */; };
		6CE0760D1D474C89000ACAAA /* SjekkUtTests.m in Sources */ = {isa = PBXBuildFile; fileRef = 6CE0760C1D474C89000ACAAA /* SjekkUtTests.m */; };
		6CE076201D474D7A000ACAAA /* LocationTest.m in Sources */ = {isa = PBXBuildFile; fileRef = 6C08F6641A88AA810091D70A /* LocationTest.m */; };
		6CE076211D474D7A000ACAAA /* ModelTest.m in Sources */ = {isa = PBXBuildFile; fileRef = 6C70643D1A82B72200291137 /* ModelTest.m */; };
		6CE076221D474D7A000ACAAA /* BackendTest.m in Sources */ = {isa = PBXBuildFile; fileRef = 6C7064331A82AF5700291137 /* BackendTest.m */; };
		6CE076231D474D7A000ACAAA /* NetworkTest.m in Sources */ = {isa = PBXBuildFile; fileRef = 6C08F6661A88BB990091D70A /* NetworkTest.m */; };
		6CE076281D474F76000ACAAA /* TestDntApi.swift in Sources */ = {isa = PBXBuildFile; fileRef = 6CE076271D474F76000ACAAA /* TestDntApi.swift */; };
		6CE076291D475061000ACAAA /* LoginView.swift in Sources */ = {isa = PBXBuildFile; fileRef = 6CB40DF71D460D260030433D /* LoginView.swift */; };
		6CE0762B1D47513E000ACAAA /* Location.m in Sources */ = {isa = PBXBuildFile; fileRef = 6C70645C1A83838700291137 /* Location.m */; };
		6CE0762D1D475148000ACAAA /* Summit.m in Sources */ = {isa = PBXBuildFile; fileRef = 6C36A13B1B0C99B100169E98 /* Summit.m */; };
		6CE0762F1D4751E8000ACAAA /* ProjectListView.swift in Sources */ = {isa = PBXBuildFile; fileRef = 6CE0762E1D4751E8000ACAAA /* ProjectListView.swift */; };
		6CE076301D4751E8000ACAAA /* ProjectListView.swift in Sources */ = {isa = PBXBuildFile; fileRef = 6CE0762E1D4751E8000ACAAA /* ProjectListView.swift */; };
		6CE076361D4757EA000ACAAA /* TurbasenApi.swift in Sources */ = {isa = PBXBuildFile; fileRef = 6CE076351D4757EA000ACAAA /* TurbasenApi.swift */; };
		6CE076371D4757EA000ACAAA /* TurbasenApi.swift in Sources */ = {isa = PBXBuildFile; fileRef = 6CE076351D4757EA000ACAAA /* TurbasenApi.swift */; };
		6CE0763C1D4763B8000ACAAA /* Project+CoreDataProperties.m in Sources */ = {isa = PBXBuildFile; fileRef = 6CE076391D4763B8000ACAAA /* Project+CoreDataProperties.m */; };
		6CE0763D1D4763B8000ACAAA /* Project.m in Sources */ = {isa = PBXBuildFile; fileRef = 6CE0763B1D4763B8000ACAAA /* Project.m */; };
		6CE526821D506DC000D3419B /* DntApi.swift in Sources */ = {isa = PBXBuildFile; fileRef = 6C5FDB151D48CFE300B7D25E /* DntApi.swift */; };
		6CE526831D50720F00D3419B /* ModelController.m in Sources */ = {isa = PBXBuildFile; fileRef = 6C70642E1A82AE3000291137 /* ModelController.m */; };
		6CE526841D50721500D3419B /* PlaceListView.swift in Sources */ = {isa = PBXBuildFile; fileRef = 6C7C02801D48A36A00853166 /* PlaceListView.swift */; };
		6CE526851D50721C00D3419B /* Project.m in Sources */ = {isa = PBXBuildFile; fileRef = 6CE0763B1D4763B8000ACAAA /* Project.m */; };
		6CE526871D5072AC00D3419B /* PlaceCell.swift in Sources */ = {isa = PBXBuildFile; fileRef = 6C7C027E1D48A34100853166 /* PlaceCell.swift */; };
		6CE526881D50730D00D3419B /* Challenge.m in Sources */ = {isa = PBXBuildFile; fileRef = 6C36A13E1B0C99B100169E98 /* Challenge.m */; };
		6CE5268A1D50731900D3419B /* EntityScaffold.m in Sources */ = {isa = PBXBuildFile; fileRef = 6C5421461AC98FDE00F8315F /* EntityScaffold.m */; };
		6CE5268B1D50731F00D3419B /* Place.m in Sources */ = {isa = PBXBuildFile; fileRef = 6C7C027B1D48A00600853166 /* Place.m */; };
		6CE5268C1D50744600D3419B /* www.dnt.no.client_id in Resources */ = {isa = PBXBuildFile; fileRef = 6CA3E13C1D49EF57003BA194 /* www.dnt.no.client_id */; };
		6CE5268D1D50744900D3419B /* www.dnt.no.client_secret in Resources */ = {isa = PBXBuildFile; fileRef = 6CA3E1391D49EF57003BA194 /* www.dnt.no.client_secret */; };
		6CE5268E1D50744C00D3419B /* api.nasjonalturbase.no.api_key in Resources */ = {isa = PBXBuildFile; fileRef = 6CA3E13A1D49EF57003BA194 /* api.nasjonalturbase.no.api_key */; };
		6CE5268F1D50745000D3419B /* dev.nasjonalturbase.no.api_key in Resources */ = {isa = PBXBuildFile; fileRef = 6CA3E13B1D49EF57003BA194 /* dev.nasjonalturbase.no.api_key */; };
		6CE526911D507BA700D3419B /* DntExtensions.swift in Sources */ = {isa = PBXBuildFile; fileRef = 6CE526901D507BA700D3419B /* DntExtensions.swift */; };
/* End PBXBuildFile section */

/* Begin PBXContainerItemProxy section */
		6CE0760F1D474C89000ACAAA /* PBXContainerItemProxy */ = {
			isa = PBXContainerItemProxy;
			containerPortal = 6C6FE1421A82332C002B5DD5 /* Project object */;
			proxyType = 1;
			remoteGlobalIDString = 6C6FE1491A82332C002B5DD5;
			remoteInfo = SjekkUt;
		};
/* End PBXContainerItemProxy section */

/* Begin PBXFileReference section */
		2BF84291107163DE673862F6 /* Pods_SjekkUtTests.framework */ = {isa = PBXFileReference; explicitFileType = wrapper.framework; includeInIndex = 0; path = Pods_SjekkUtTests.framework; sourceTree = BUILT_PRODUCTS_DIR; };
		6316F0F599F97DE781965E07 /* Pods_SjekkUt.framework */ = {isa = PBXFileReference; explicitFileType = wrapper.framework; includeInIndex = 0; path = Pods_SjekkUt.framework; sourceTree = BUILT_PRODUCTS_DIR; };
		6C04BE341D61C55000741C42 /* 1.0.16.xcdatamodel */ = {isa = PBXFileReference; lastKnownFileType = wrapper.xcdatamodel; path = 1.0.16.xcdatamodel; sourceTree = "<group>"; };
		6C04BE351D61C60500741C42 /* DntImageSize+CoreDataProperties.h */ = {isa = PBXFileReference; fileEncoding = 4; lastKnownFileType = sourcecode.c.h; name = "DntImageSize+CoreDataProperties.h"; path = "model/DntImageSize+CoreDataProperties.h"; sourceTree = "<group>"; };
		6C04BE361D61C60500741C42 /* DntImageSize+CoreDataProperties.m */ = {isa = PBXFileReference; fileEncoding = 4; lastKnownFileType = sourcecode.c.objc; name = "DntImageSize+CoreDataProperties.m"; path = "model/DntImageSize+CoreDataProperties.m"; sourceTree = "<group>"; };
		6C04BE371D61C60500741C42 /* DntImageSize.h */ = {isa = PBXFileReference; fileEncoding = 4; lastKnownFileType = sourcecode.c.h; name = DntImageSize.h; path = model/DntImageSize.h; sourceTree = "<group>"; };
		6C04BE381D61C60500741C42 /* DntImageSize.m */ = {isa = PBXFileReference; fileEncoding = 4; lastKnownFileType = sourcecode.c.objc; name = DntImageSize.m; path = model/DntImageSize.m; sourceTree = "<group>"; };
		6C08F6641A88AA810091D70A /* LocationTest.m */ = {isa = PBXFileReference; fileEncoding = 4; lastKnownFileType = sourcecode.c.objc; path = LocationTest.m; sourceTree = "<group>"; };
		6C08F6661A88BB990091D70A /* NetworkTest.m */ = {isa = PBXFileReference; fileEncoding = 4; lastKnownFileType = sourcecode.c.objc; path = NetworkTest.m; sourceTree = "<group>"; };
		6C08F66C1A88C1760091D70A /* Checkin+Extension.h */ = {isa = PBXFileReference; fileEncoding = 4; lastKnownFileType = sourcecode.c.h; name = "Checkin+Extension.h"; path = "model/Checkin+Extension.h"; sourceTree = "<group>"; };
		6C08F67A1A8A0ACD0091D70A /* Base */ = {isa = PBXFileReference; lastKnownFileType = text.plist.strings; name = Base; path = Base.lproj/Localizable.strings; sourceTree = "<group>"; };
		6C08F67C1A8A0ACF0091D70A /* nb */ = {isa = PBXFileReference; lastKnownFileType = text.plist.strings; name = nb; path = nb.lproj/Localizable.strings; sourceTree = "<group>"; };
		6C08F67E1A8A0C7B0091D70A /* FontAwesome.otf */ = {isa = PBXFileReference; lastKnownFileType = file; path = FontAwesome.otf; sourceTree = "<group>"; };
		6C08F6801A8A2B9B0091D70A /* Defines.h */ = {isa = PBXFileReference; lastKnownFileType = sourcecode.c.h; path = Defines.h; sourceTree = "<group>"; };
		6C0E0DE61A9E0AE2004C760A /* 1.0.3.5.xcdatamodel */ = {isa = PBXFileReference; lastKnownFileType = wrapper.xcdatamodel; path = 1.0.3.5.xcdatamodel; sourceTree = "<group>"; };
		6C1409A21B3000F700392F64 /* RulesView.h */ = {isa = PBXFileReference; fileEncoding = 4; lastKnownFileType = sourcecode.c.h; name = RulesView.h; path = views/RulesView.h; sourceTree = "<group>"; };
		6C1409A31B3000F700392F64 /* RulesView.m */ = {isa = PBXFileReference; fileEncoding = 4; lastKnownFileType = sourcecode.c.objc; name = RulesView.m; path = views/RulesView.m; sourceTree = "<group>"; };
		6C1D7A051B14BFF900007FAB /* PrefixHeader.pch */ = {isa = PBXFileReference; lastKnownFileType = sourcecode.c.h; path = PrefixHeader.pch; sourceTree = "<group>"; };
		6C1F11481B1087DA0003DD2B /* NSDateFormatter+instance.h */ = {isa = PBXFileReference; fileEncoding = 4; lastKnownFileType = sourcecode.c.h; name = "NSDateFormatter+instance.h"; path = "utils/NSDateFormatter+instance.h"; sourceTree = "<group>"; };
		6C1F11491B1087DA0003DD2B /* NSDateFormatter+instance.m */ = {isa = PBXFileReference; fileEncoding = 4; lastKnownFileType = sourcecode.c.objc; name = "NSDateFormatter+instance.m"; path = "utils/NSDateFormatter+instance.m"; sourceTree = "<group>"; };
		6C2F4EF01AE6348400E12F4E /* nb */ = {isa = PBXFileReference; lastKnownFileType = text.plist.strings; name = nb; path = nb.lproj/InfoPlist.strings; sourceTree = "<group>"; };
		6C35DAAB1D535A930048114B /* PlaceSearch.swift */ = {isa = PBXFileReference; fileEncoding = 4; lastKnownFileType = sourcecode.swift; name = PlaceSearch.swift; path = views/place/PlaceSearch.swift; sourceTree = "<group>"; };
		6C36A1261B0C836300169E98 /* 1.0.10.31.xcdatamodel */ = {isa = PBXFileReference; lastKnownFileType = wrapper.xcdatamodel; path = 1.0.10.31.xcdatamodel; sourceTree = "<group>"; };
		6C36A12A1B0C855300169E98 /* Challenge+Extension.h */ = {isa = PBXFileReference; fileEncoding = 4; lastKnownFileType = sourcecode.c.h; name = "Challenge+Extension.h"; path = "model/Challenge+Extension.h"; sourceTree = "<group>"; };
		6C36A12B1B0C855300169E98 /* Challenge+Extension.m */ = {isa = PBXFileReference; fileEncoding = 4; lastKnownFileType = sourcecode.c.objc; name = "Challenge+Extension.m"; path = "model/Challenge+Extension.m"; sourceTree = "<group>"; };
		6C36A12D1B0C891300169E98 /* NSString+URL.h */ = {isa = PBXFileReference; fileEncoding = 4; lastKnownFileType = sourcecode.c.h; name = "NSString+URL.h"; path = "utils/NSString+URL.h"; sourceTree = "<group>"; };
		6C36A12E1B0C891300169E98 /* NSString+URL.m */ = {isa = PBXFileReference; fileEncoding = 4; lastKnownFileType = sourcecode.c.objc; name = "NSString+URL.m"; path = "utils/NSString+URL.m"; sourceTree = "<group>"; };
		6C36A13A1B0C99B100169E98 /* Summit.h */ = {isa = PBXFileReference; fileEncoding = 4; lastKnownFileType = sourcecode.c.h; name = Summit.h; path = model/Summit.h; sourceTree = "<group>"; };
		6C36A13B1B0C99B100169E98 /* Summit.m */ = {isa = PBXFileReference; fileEncoding = 4; lastKnownFileType = sourcecode.c.objc; name = Summit.m; path = model/Summit.m; sourceTree = "<group>"; };
		6C36A13D1B0C99B100169E98 /* Challenge.h */ = {isa = PBXFileReference; fileEncoding = 4; lastKnownFileType = sourcecode.c.h; name = Challenge.h; path = model/Challenge.h; sourceTree = "<group>"; };
		6C36A13E1B0C99B100169E98 /* Challenge.m */ = {isa = PBXFileReference; fileEncoding = 4; lastKnownFileType = sourcecode.c.objc; name = Challenge.m; path = model/Challenge.m; sourceTree = "<group>"; };
		6C36A1401B0CA7DB00169E98 /* storskrymten.gpx */ = {isa = PBXFileReference; fileEncoding = 4; lastKnownFileType = text.xml; name = storskrymten.gpx; path = "position-gpx/storskrymten.gpx"; sourceTree = SOURCE_ROOT; };
		6C36A1431B0CA8A100169E98 /* besselvassheia.gpx */ = {isa = PBXFileReference; fileEncoding = 4; lastKnownFileType = text.xml; name = besselvassheia.gpx; path = "position-gpx/besselvassheia.gpx"; sourceTree = SOURCE_ROOT; };
		6C36A1471B0CA8BB00169E98 /* cutehacks.gpx */ = {isa = PBXFileReference; fileEncoding = 4; lastKnownFileType = text.xml; name = cutehacks.gpx; path = "position-gpx/cutehacks.gpx"; sourceTree = SOURCE_ROOT; };
		6C4A96761D63288D00EA0B50 /* DntGroup+CoreDataProperties.h */ = {isa = PBXFileReference; fileEncoding = 4; lastKnownFileType = sourcecode.c.h; name = "DntGroup+CoreDataProperties.h"; path = "model/DntGroup+CoreDataProperties.h"; sourceTree = "<group>"; };
		6C4A96771D63288D00EA0B50 /* DntGroup+CoreDataProperties.m */ = {isa = PBXFileReference; fileEncoding = 4; lastKnownFileType = sourcecode.c.objc; name = "DntGroup+CoreDataProperties.m"; path = "model/DntGroup+CoreDataProperties.m"; sourceTree = "<group>"; };
		6C4A96781D63288D00EA0B50 /* DntGroup.h */ = {isa = PBXFileReference; fileEncoding = 4; lastKnownFileType = sourcecode.c.h; name = DntGroup.h; path = model/DntGroup.h; sourceTree = "<group>"; };
		6C4A96791D63288D00EA0B50 /* DntGroup.m */ = {isa = PBXFileReference; fileEncoding = 4; lastKnownFileType = sourcecode.c.objc; name = DntGroup.m; path = model/DntGroup.m; sourceTree = "<group>"; };
		6C4A967C1D64492C00EA0B50 /* ObjCHelpers.swift */ = {isa = PBXFileReference; fileEncoding = 4; lastKnownFileType = sourcecode.swift; name = ObjCHelpers.swift; path = utils/ObjCHelpers.swift; sourceTree = "<group>"; };
		6C5421381AC98CA300F8315F /* 1.0.4.0.xcdatamodel */ = {isa = PBXFileReference; lastKnownFileType = wrapper.xcdatamodel; path = 1.0.4.0.xcdatamodel; sourceTree = "<group>"; };
		6C54213D1AC98D8100F8315F /* CheckinStatistics+Extension.h */ = {isa = PBXFileReference; fileEncoding = 4; lastKnownFileType = sourcecode.c.h; name = "CheckinStatistics+Extension.h"; path = "model/CheckinStatistics+Extension.h"; sourceTree = "<group>"; };
		6C54213E1AC98D8100F8315F /* CheckinStatistics+Extension.m */ = {isa = PBXFileReference; fileEncoding = 4; lastKnownFileType = sourcecode.c.objc; name = "CheckinStatistics+Extension.m"; path = "model/CheckinStatistics+Extension.m"; sourceTree = "<group>"; };
		6C5421451AC98FDE00F8315F /* EntityScaffold.h */ = {isa = PBXFileReference; fileEncoding = 4; lastKnownFileType = sourcecode.c.h; name = EntityScaffold.h; path = model/EntityScaffold.h; sourceTree = "<group>"; };
		6C5421461AC98FDE00F8315F /* EntityScaffold.m */ = {isa = PBXFileReference; fileEncoding = 4; lastKnownFileType = sourcecode.c.objc; name = EntityScaffold.m; path = model/EntityScaffold.m; sourceTree = "<group>"; };
		6C5FDB151D48CFE300B7D25E /* DntApi.swift */ = {isa = PBXFileReference; fileEncoding = 4; lastKnownFileType = sourcecode.swift; path = DntApi.swift; sourceTree = "<group>"; };
		6C6FE14A1A82332C002B5DD5 /* SjekkUT.app */ = {isa = PBXFileReference; explicitFileType = wrapper.application; includeInIndex = 0; path = SjekkUT.app; sourceTree = BUILT_PRODUCTS_DIR; };
		6C6FE14E1A82332C002B5DD5 /* Info.plist */ = {isa = PBXFileReference; lastKnownFileType = text.plist.xml; path = Info.plist; sourceTree = "<group>"; };
		6C6FE14F1A82332C002B5DD5 /* main.m */ = {isa = PBXFileReference; lastKnownFileType = sourcecode.c.objc; path = main.m; sourceTree = "<group>"; };
		6C6FE1511A82332C002B5DD5 /* AppDelegate.h */ = {isa = PBXFileReference; lastKnownFileType = sourcecode.c.h; path = AppDelegate.h; sourceTree = "<group>"; };
		6C6FE1521A82332C002B5DD5 /* AppDelegate.m */ = {isa = PBXFileReference; lastKnownFileType = sourcecode.c.objc; path = AppDelegate.m; sourceTree = "<group>"; };
		6C6FE1551A82332C002B5DD5 /* Opptur.xcdatamodel */ = {isa = PBXFileReference; lastKnownFileType = wrapper.xcdatamodel; path = Opptur.xcdatamodel; sourceTree = "<group>"; };
		6C6FE15B1A82332C002B5DD5 /* Base */ = {isa = PBXFileReference; lastKnownFileType = file.storyboard; name = Base; path = Base.lproj/Main.storyboard; sourceTree = "<group>"; };
		6C6FE15D1A82332C002B5DD5 /* Images.xcassets */ = {isa = PBXFileReference; lastKnownFileType = folder.assetcatalog; path = Images.xcassets; sourceTree = "<group>"; };
		6C6FE1601A82332C002B5DD5 /* Base */ = {isa = PBXFileReference; lastKnownFileType = file.xib; name = Base; path = Base.lproj/LaunchScreen.xib; sourceTree = "<group>"; };
		6C70642D1A82AE3000291137 /* ModelController.h */ = {isa = PBXFileReference; fileEncoding = 4; lastKnownFileType = sourcecode.c.h; name = ModelController.h; path = controller/ModelController.h; sourceTree = "<group>"; };
		6C70642E1A82AE3000291137 /* ModelController.m */ = {isa = PBXFileReference; fileEncoding = 4; lastKnownFileType = sourcecode.c.objc; name = ModelController.m; path = controller/ModelController.m; sourceTree = "<group>"; };
		6C7064331A82AF5700291137 /* BackendTest.m */ = {isa = PBXFileReference; fileEncoding = 4; lastKnownFileType = sourcecode.c.objc; path = BackendTest.m; sourceTree = "<group>"; };
		6C7064391A82B70100291137 /* Summit+Extension.h */ = {isa = PBXFileReference; fileEncoding = 4; lastKnownFileType = sourcecode.c.h; name = "Summit+Extension.h"; path = "model/Summit+Extension.h"; sourceTree = "<group>"; };
		6C70643A1A82B70100291137 /* Summit+Extension.m */ = {isa = PBXFileReference; fileEncoding = 4; lastKnownFileType = sourcecode.c.objc; name = "Summit+Extension.m"; path = "model/Summit+Extension.m"; sourceTree = "<group>"; };
		6C70643D1A82B72200291137 /* ModelTest.m */ = {isa = PBXFileReference; fileEncoding = 4; lastKnownFileType = sourcecode.c.objc; path = ModelTest.m; sourceTree = "<group>"; };
		6C70644D1A83792900291137 /* nb */ = {isa = PBXFileReference; lastKnownFileType = text.plist.strings; name = nb; path = nb.lproj/Main.strings; sourceTree = "<group>"; };
		6C70644E1A83792900291137 /* nb */ = {isa = PBXFileReference; lastKnownFileType = text.plist.strings; name = nb; path = nb.lproj/LaunchScreen.strings; sourceTree = "<group>"; };
		6C7064531A83824E00291137 /* SummitView.h */ = {isa = PBXFileReference; fileEncoding = 4; lastKnownFileType = sourcecode.c.h; name = SummitView.h; path = views/SummitView.h; sourceTree = "<group>"; };
		6C7064541A83824E00291137 /* SummitView.m */ = {isa = PBXFileReference; fileEncoding = 4; lastKnownFileType = sourcecode.c.objc; name = SummitView.m; path = views/SummitView.m; sourceTree = "<group>"; };
		6C70645B1A83838700291137 /* Location.h */ = {isa = PBXFileReference; fileEncoding = 4; lastKnownFileType = sourcecode.c.h; name = Location.h; path = controller/Location.h; sourceTree = "<group>"; };
		6C70645C1A83838700291137 /* Location.m */ = {isa = PBXFileReference; fileEncoding = 4; lastKnownFileType = sourcecode.c.objc; name = Location.m; path = controller/Location.m; sourceTree = "<group>"; };
		6C70A5331AFA1A420032187D /* 1.0.9.23.xcdatamodel */ = {isa = PBXFileReference; lastKnownFileType = wrapper.xcdatamodel; path = 1.0.9.23.xcdatamodel; sourceTree = "<group>"; };
		6C70A5351AFA4C150032187D /* DntRedView.h */ = {isa = PBXFileReference; fileEncoding = 4; lastKnownFileType = sourcecode.c.h; name = DntRedView.h; path = views/style/DntRedView.h; sourceTree = "<group>"; };
		6C70A5361AFA4C150032187D /* DntRedView.m */ = {isa = PBXFileReference; fileEncoding = 4; lastKnownFileType = sourcecode.c.objc; name = DntRedView.m; path = views/style/DntRedView.m; sourceTree = "<group>"; };
		6C72A3F91A8B80E700A47AEE /* SjekkUtStyle.h */ = {isa = PBXFileReference; fileEncoding = 4; lastKnownFileType = sourcecode.c.h; name = SjekkUtStyle.h; path = views/SjekkUtStyle.h; sourceTree = "<group>"; };
		6C72A3FA1A8B80E700A47AEE /* SjekkUtStyle.m */ = {isa = PBXFileReference; fileEncoding = 4; lastKnownFileType = sourcecode.c.objc; name = SjekkUtStyle.m; path = views/SjekkUtStyle.m; sourceTree = "<group>"; };
		6C72A3FD1A8B835700A47AEE /* CheckinButton.h */ = {isa = PBXFileReference; fileEncoding = 4; lastKnownFileType = sourcecode.c.h; name = CheckinButton.h; path = views/style/CheckinButton.h; sourceTree = "<group>"; };
		6C72A3FE1A8B835700A47AEE /* CheckinButton.m */ = {isa = PBXFileReference; fileEncoding = 4; lastKnownFileType = sourcecode.c.objc; name = CheckinButton.m; path = views/style/CheckinButton.m; sourceTree = "<group>"; };
		6C72A4041A8B92D300A47AEE /* Settings.bundle */ = {isa = PBXFileReference; lastKnownFileType = "wrapper.plug-in"; path = Settings.bundle; sourceTree = "<group>"; };
		6C72A4061A8CE5CF00A47AEE /* DntNavigationBar.h */ = {isa = PBXFileReference; fileEncoding = 4; lastKnownFileType = sourcecode.c.h; name = DntNavigationBar.h; path = views/style/DntNavigationBar.h; sourceTree = "<group>"; };
		6C72A4071A8CE5CF00A47AEE /* DntNavigationBar.m */ = {isa = PBXFileReference; fileEncoding = 4; lastKnownFileType = sourcecode.c.objc; name = DntNavigationBar.m; path = views/style/DntNavigationBar.m; sourceTree = "<group>"; };
		6C7380601D59C93F0052B063 /* nb */ = {isa = PBXFileReference; lastKnownFileType = text.plist.strings; name = nb; path = nb.lproj/Localizable.strings; sourceTree = "<group>"; };
		6C7380651D59C9400052B063 /* nb */ = {isa = PBXFileReference; lastKnownFileType = text.plist.strings; name = nb; path = nb.lproj/InfoPlist.strings; sourceTree = "<group>"; };
		6C740AAE1B187F9C00176D2E /* opptur-splash-compressed.jpg */ = {isa = PBXFileReference; lastKnownFileType = image.jpeg; path = "opptur-splash-compressed.jpg"; sourceTree = "<group>"; };
		6C740AB01B187FA600176D2E /* dnt-logo.png */ = {isa = PBXFileReference; lastKnownFileType = image.png; path = "dnt-logo.png"; sourceTree = "<group>"; };
		6C740AB61B1888F700176D2E /* ut-name.png */ = {isa = PBXFileReference; lastKnownFileType = image.png; path = "ut-name.png"; sourceTree = "<group>"; };
		6C7C02781D48A00600853166 /* Place+CoreDataProperties.h */ = {isa = PBXFileReference; fileEncoding = 4; lastKnownFileType = sourcecode.c.h; name = "Place+CoreDataProperties.h"; path = "model/Place+CoreDataProperties.h"; sourceTree = "<group>"; };
		6C7C02791D48A00600853166 /* Place+CoreDataProperties.m */ = {isa = PBXFileReference; fileEncoding = 4; lastKnownFileType = sourcecode.c.objc; name = "Place+CoreDataProperties.m"; path = "model/Place+CoreDataProperties.m"; sourceTree = "<group>"; };
		6C7C027A1D48A00600853166 /* Place.h */ = {isa = PBXFileReference; fileEncoding = 4; lastKnownFileType = sourcecode.c.h; name = Place.h; path = model/Place.h; sourceTree = "<group>"; };
		6C7C027B1D48A00600853166 /* Place.m */ = {isa = PBXFileReference; fileEncoding = 4; lastKnownFileType = sourcecode.c.objc; name = Place.m; path = model/Place.m; sourceTree = "<group>"; };
		6C7C027E1D48A34100853166 /* PlaceCell.swift */ = {isa = PBXFileReference; fileEncoding = 4; lastKnownFileType = sourcecode.swift; name = PlaceCell.swift; path = views/place/PlaceCell.swift; sourceTree = "<group>"; };
		6C7C02801D48A36A00853166 /* PlaceListView.swift */ = {isa = PBXFileReference; fileEncoding = 4; lastKnownFileType = sourcecode.swift; name = PlaceListView.swift; path = views/place/PlaceListView.swift; sourceTree = "<group>"; };
		6CA3E1391D49EF57003BA194 /* www.dnt.no.client_secret */ = {isa = PBXFileReference; fileEncoding = 4; lastKnownFileType = text; name = www.dnt.no.client_secret; path = ../../secret/www.dnt.no.client_secret; sourceTree = "<group>"; };
		6CA3E13A1D49EF57003BA194 /* api.nasjonalturbase.no.api_key */ = {isa = PBXFileReference; fileEncoding = 4; lastKnownFileType = text; name = api.nasjonalturbase.no.api_key; path = ../../secret/api.nasjonalturbase.no.api_key; sourceTree = "<group>"; };
		6CA3E13B1D49EF57003BA194 /* dev.nasjonalturbase.no.api_key */ = {isa = PBXFileReference; fileEncoding = 4; lastKnownFileType = text; name = dev.nasjonalturbase.no.api_key; path = ../../secret/dev.nasjonalturbase.no.api_key; sourceTree = "<group>"; };
		6CA3E13C1D49EF57003BA194 /* www.dnt.no.client_id */ = {isa = PBXFileReference; fileEncoding = 4; lastKnownFileType = text; name = www.dnt.no.client_id; path = ../../secret/www.dnt.no.client_id; sourceTree = "<group>"; };
		6CA3E1421D4A4908003BA194 /* PlaceView.swift */ = {isa = PBXFileReference; fileEncoding = 4; lastKnownFileType = sourcecode.swift; name = PlaceView.swift; path = views/PlaceView.swift; sourceTree = "<group>"; };
		6CB04DBF1D48C9AC0024DE11 /* SjekkUtApi.swift */ = {isa = PBXFileReference; fileEncoding = 4; lastKnownFileType = sourcecode.swift; name = SjekkUtApi.swift; path = network/SjekkUtApi.swift; sourceTree = "<group>"; };
		6CB40DF51D460D250030433D /* SjekkUt-Bridging-Header.h */ = {isa = PBXFileReference; lastKnownFileType = sourcecode.c.h; path = "SjekkUt-Bridging-Header.h"; sourceTree = "<group>"; };
		6CB40DF71D460D260030433D /* LoginView.swift */ = {isa = PBXFileReference; fileEncoding = 4; lastKnownFileType = sourcecode.swift; name = LoginView.swift; path = views/LoginView.swift; sourceTree = "<group>"; };
		6CBF319C1AF7B63800B1ABFC /* en */ = {isa = PBXFileReference; lastKnownFileType = text.plist.strings; name = en; path = en.lproj/Main.strings; sourceTree = "<group>"; };
		6CC799AE1D51E96800DFAF10 /* ProjectCell.swift */ = {isa = PBXFileReference; fileEncoding = 4; lastKnownFileType = sourcecode.swift; name = ProjectCell.swift; path = views/project/ProjectCell.swift; sourceTree = "<group>"; };
		6CC799B61D51F5F700DFAF10 /* DntImage+CoreDataProperties.h */ = {isa = PBXFileReference; fileEncoding = 4; lastKnownFileType = sourcecode.c.h; name = "DntImage+CoreDataProperties.h"; path = "model/DntImage+CoreDataProperties.h"; sourceTree = "<group>"; };
		6CC799B71D51F5F700DFAF10 /* DntImage+CoreDataProperties.m */ = {isa = PBXFileReference; fileEncoding = 4; lastKnownFileType = sourcecode.c.objc; name = "DntImage+CoreDataProperties.m"; path = "model/DntImage+CoreDataProperties.m"; sourceTree = "<group>"; };
		6CC799B81D51F5F700DFAF10 /* DntImage.h */ = {isa = PBXFileReference; fileEncoding = 4; lastKnownFileType = sourcecode.c.h; name = DntImage.h; path = model/DntImage.h; sourceTree = "<group>"; };
		6CC799B91D51F5F700DFAF10 /* DntImage.m */ = {isa = PBXFileReference; fileEncoding = 4; lastKnownFileType = sourcecode.c.objc; name = DntImage.m; path = model/DntImage.m; sourceTree = "<group>"; };
		6CC799BF1D52110B00DFAF10 /* Checkin+CoreDataProperties.h */ = {isa = PBXFileReference; fileEncoding = 4; lastKnownFileType = sourcecode.c.h; name = "Checkin+CoreDataProperties.h"; path = "model/Checkin+CoreDataProperties.h"; sourceTree = "<group>"; };
		6CC799C01D52110B00DFAF10 /* Checkin+CoreDataProperties.m */ = {isa = PBXFileReference; fileEncoding = 4; lastKnownFileType = sourcecode.c.objc; name = "Checkin+CoreDataProperties.m"; path = "model/Checkin+CoreDataProperties.m"; sourceTree = "<group>"; };
		6CC799C11D52110B00DFAF10 /* Checkin.h */ = {isa = PBXFileReference; fileEncoding = 4; lastKnownFileType = sourcecode.c.h; name = Checkin.h; path = model/Checkin.h; sourceTree = "<group>"; };
		6CC799C21D52110B00DFAF10 /* Checkin.m */ = {isa = PBXFileReference; fileEncoding = 4; lastKnownFileType = sourcecode.c.objc; name = Checkin.m; path = model/Checkin.m; sourceTree = "<group>"; };
		6CD3E3631D532DC900A90E12 /* DntColor.swift */ = {isa = PBXFileReference; fileEncoding = 4; lastKnownFileType = sourcecode.swift; path = DntColor.swift; sourceTree = "<group>"; };
		6CDC3E0A1D54ABF2003A0F3B /* maps.google.com.static.api_key */ = {isa = PBXFileReference; fileEncoding = 4; lastKnownFileType = text; name = maps.google.com.static.api_key; path = ../../secret/maps.google.com.static.api_key; sourceTree = "<group>"; };
		6CDE75891AEA4F0B0067110C /* 1.0.7.0.xcdatamodel */ = {isa = PBXFileReference; lastKnownFileType = wrapper.xcdatamodel; path = 1.0.7.0.xcdatamodel; sourceTree = "<group>"; };
		6CDE758C1AEA50F00067110C /* CheckinStatistics.h */ = {isa = PBXFileReference; fileEncoding = 4; lastKnownFileType = sourcecode.c.h; name = CheckinStatistics.h; path = model/CheckinStatistics.h; sourceTree = "<group>"; };
		6CDE758D1AEA50F00067110C /* CheckinStatistics.m */ = {isa = PBXFileReference; fileEncoding = 4; lastKnownFileType = sourcecode.c.objc; name = CheckinStatistics.m; path = model/CheckinStatistics.m; sourceTree = "<group>"; };
		6CDE75901AEA50F10067110C /* Comment.h */ = {isa = PBXFileReference; fileEncoding = 4; lastKnownFileType = sourcecode.c.h; name = Comment.h; path = model/Comment.h; sourceTree = "<group>"; };
		6CDE75911AEA50F10067110C /* Comment.m */ = {isa = PBXFileReference; fileEncoding = 4; lastKnownFileType = sourcecode.c.objc; name = Comment.m; path = model/Comment.m; sourceTree = "<group>"; };
		6CE0760A1D474C89000ACAAA /* SjekkUtTests.xctest */ = {isa = PBXFileReference; explicitFileType = wrapper.cfbundle; includeInIndex = 0; path = SjekkUtTests.xctest; sourceTree = BUILT_PRODUCTS_DIR; };
		6CE0760C1D474C89000ACAAA /* SjekkUtTests.m */ = {isa = PBXFileReference; lastKnownFileType = sourcecode.c.objc; path = SjekkUtTests.m; sourceTree = "<group>"; };
		6CE076241D474E03000ACAAA /* Info.plist */ = {isa = PBXFileReference; fileEncoding = 4; lastKnownFileType = text.plist.xml; path = Info.plist; sourceTree = "<group>"; };
		6CE076261D474F76000ACAAA /* SjekkUtTests-Bridging-Header.h */ = {isa = PBXFileReference; lastKnownFileType = sourcecode.c.h; path = "SjekkUtTests-Bridging-Header.h"; sourceTree = "<group>"; };
		6CE076271D474F76000ACAAA /* TestDntApi.swift */ = {isa = PBXFileReference; fileEncoding = 4; lastKnownFileType = sourcecode.swift; path = TestDntApi.swift; sourceTree = "<group>"; };
		6CE0762E1D4751E8000ACAAA /* ProjectListView.swift */ = {isa = PBXFileReference; fileEncoding = 4; lastKnownFileType = sourcecode.swift; name = ProjectListView.swift; path = views/ProjectListView.swift; sourceTree = "<group>"; };
		6CE076331D475520000ACAAA /* 1.0.15.xcdatamodel */ = {isa = PBXFileReference; lastKnownFileType = wrapper.xcdatamodel; path = 1.0.15.xcdatamodel; sourceTree = "<group>"; };
		6CE076351D4757EA000ACAAA /* TurbasenApi.swift */ = {isa = PBXFileReference; fileEncoding = 4; lastKnownFileType = sourcecode.swift; name = TurbasenApi.swift; path = network/TurbasenApi.swift; sourceTree = "<group>"; };
		6CE076381D4763B8000ACAAA /* Project+CoreDataProperties.h */ = {isa = PBXFileReference; fileEncoding = 4; lastKnownFileType = sourcecode.c.h; name = "Project+CoreDataProperties.h"; path = "model/Project+CoreDataProperties.h"; sourceTree = "<group>"; };
		6CE076391D4763B8000ACAAA /* Project+CoreDataProperties.m */ = {isa = PBXFileReference; fileEncoding = 4; lastKnownFileType = sourcecode.c.objc; name = "Project+CoreDataProperties.m"; path = "model/Project+CoreDataProperties.m"; sourceTree = "<group>"; };
		6CE0763A1D4763B8000ACAAA /* Project.h */ = {isa = PBXFileReference; fileEncoding = 4; lastKnownFileType = sourcecode.c.h; name = Project.h; path = model/Project.h; sourceTree = "<group>"; };
		6CE0763B1D4763B8000ACAAA /* Project.m */ = {isa = PBXFileReference; fileEncoding = 4; lastKnownFileType = sourcecode.c.objc; name = Project.m; path = model/Project.m; sourceTree = "<group>"; };
		6CE526901D507BA700D3419B /* DntExtensions.swift */ = {isa = PBXFileReference; fileEncoding = 4; lastKnownFileType = sourcecode.swift; path = DntExtensions.swift; sourceTree = "<group>"; };
		6CEAB3441AFB581F00018A94 /* 1.0.9.25.xcdatamodel */ = {isa = PBXFileReference; lastKnownFileType = wrapper.xcdatamodel; path = 1.0.9.25.xcdatamodel; sourceTree = "<group>"; };
		6CEDA12E1B69251000B84E52 /* 1.0.14.xcdatamodel */ = {isa = PBXFileReference; lastKnownFileType = wrapper.xcdatamodel; path = 1.0.14.xcdatamodel; sourceTree = "<group>"; };
		8F95E3B3F3D6D2335BFF69CA /* Pods-SjekkUt.debug.xcconfig */ = {isa = PBXFileReference; includeInIndex = 1; lastKnownFileType = text.xcconfig; name = "Pods-SjekkUt.debug.xcconfig"; path = "Pods/Target Support Files/Pods-SjekkUt/Pods-SjekkUt.debug.xcconfig"; sourceTree = "<group>"; };
		9A0CFA57E75EA2B927443816 /* Pods-SjekkUtTests.debug.xcconfig */ = {isa = PBXFileReference; includeInIndex = 1; lastKnownFileType = text.xcconfig; name = "Pods-SjekkUtTests.debug.xcconfig"; path = "Pods/Target Support Files/Pods-SjekkUtTests/Pods-SjekkUtTests.debug.xcconfig"; sourceTree = "<group>"; };
		B72B88A6F20B85AC4FF0FBEA /* Pods-SjekkUt.release.xcconfig */ = {isa = PBXFileReference; includeInIndex = 1; lastKnownFileType = text.xcconfig; name = "Pods-SjekkUt.release.xcconfig"; path = "Pods/Target Support Files/Pods-SjekkUt/Pods-SjekkUt.release.xcconfig"; sourceTree = "<group>"; };
		BABDD852E1611202A6E0BF98 /* Pods-SjekkUtTests.release.xcconfig */ = {isa = PBXFileReference; includeInIndex = 1; lastKnownFileType = text.xcconfig; name = "Pods-SjekkUtTests.release.xcconfig"; path = "Pods/Target Support Files/Pods-SjekkUtTests/Pods-SjekkUtTests.release.xcconfig"; sourceTree = "<group>"; };
/* End PBXFileReference section */

/* Begin PBXFrameworksBuildPhase section */
		6C6FE1471A82332C002B5DD5 /* Frameworks */ = {
			isa = PBXFrameworksBuildPhase;
			buildActionMask = 2147483647;
			files = (
				08FEB41489ABAA6339BFC4D0 /* Pods_SjekkUt.framework in Frameworks */,
			);
			runOnlyForDeploymentPostprocessing = 0;
		};
		6CE076071D474C89000ACAAA /* Frameworks */ = {
			isa = PBXFrameworksBuildPhase;
			buildActionMask = 2147483647;
			files = (
				5F60BEB69948B0C4E2E79AF0 /* Pods_SjekkUtTests.framework in Frameworks */,
			);
			runOnlyForDeploymentPostprocessing = 0;
		};
/* End PBXFrameworksBuildPhase section */

/* Begin PBXGroup section */
		1AB48BCCFF0D7215EBC336A1 /* Pods */ = {
			isa = PBXGroup;
			children = (
				8F95E3B3F3D6D2335BFF69CA /* Pods-SjekkUt.debug.xcconfig */,
				B72B88A6F20B85AC4FF0FBEA /* Pods-SjekkUt.release.xcconfig */,
				9A0CFA57E75EA2B927443816 /* Pods-SjekkUtTests.debug.xcconfig */,
				BABDD852E1611202A6E0BF98 /* Pods-SjekkUtTests.release.xcconfig */,
			);
			name = Pods;
			sourceTree = "<group>";
		};
		6C2F4EF21AE634B600E12F4E /* nb.lproj */ = {
			isa = PBXGroup;
			children = (
				6C2F4EEF1AE6348400E12F4E /* InfoPlist.strings */,
			);
			name = nb.lproj;
			sourceTree = "<group>";
		};
		6C36A1301B0C891800169E98 /* utils */ = {
			isa = PBXGroup;
			children = (
				6C36A12D1B0C891300169E98 /* NSString+URL.h */,
				6C36A12E1B0C891300169E98 /* NSString+URL.m */,
				6C1F11481B1087DA0003DD2B /* NSDateFormatter+instance.h */,
				6C1F11491B1087DA0003DD2B /* NSDateFormatter+instance.m */,
				6CE526901D507BA700D3419B /* DntExtensions.swift */,
				6C4A967C1D64492C00EA0B50 /* ObjCHelpers.swift */,
			);
			name = utils;
			sourceTree = "<group>";
		};
		6C36A1421B0CA7E300169E98 /* positioning */ = {
			isa = PBXGroup;
			children = (
				6C36A1471B0CA8BB00169E98 /* cutehacks.gpx */,
				6C36A1431B0CA8A100169E98 /* besselvassheia.gpx */,
				6C36A1401B0CA7DB00169E98 /* storskrymten.gpx */,
			);
			name = positioning;
			sourceTree = "<group>";
		};
		6C6FE1411A82332C002B5DD5 = {
			isa = PBXGroup;
			children = (
				6C6FE14C1A82332C002B5DD5 /* SjekkUt */,
				6CE0760B1D474C89000ACAAA /* SjekkUtTests */,
				6C6FE14B1A82332C002B5DD5 /* Products */,
				1AB48BCCFF0D7215EBC336A1 /* Pods */,
				F3C9BB714248B153D070C0F1 /* Frameworks */,
			);
			sourceTree = "<group>";
		};
		6C6FE14B1A82332C002B5DD5 /* Products */ = {
			isa = PBXGroup;
			children = (
				6C6FE14A1A82332C002B5DD5 /* SjekkUT.app */,
				6CE0760A1D474C89000ACAAA /* SjekkUtTests.xctest */,
			);
			name = Products;
			sourceTree = "<group>";
		};
		6C6FE14C1A82332C002B5DD5 /* SjekkUt */ = {
			isa = PBXGroup;
			children = (
				6C70642B1A82AD5900291137 /* model */,
				6CE076341D4757E0000ACAAA /* network */,
				6C70642C1A82ADB200291137 /* controller */,
				6C6FE17A1A823B5A002B5DD5 /* views */,
				6C6FE14D1A82332C002B5DD5 /* Supporting Files */,
				6C36A1301B0C891800169E98 /* utils */,
			);
			path = SjekkUt;
			sourceTree = "<group>";
		};
		6C6FE14D1A82332C002B5DD5 /* Supporting Files */ = {
			isa = PBXGroup;
			children = (
				6CA3E1381D49EF3F003BA194 /* secret */,
				6CB40DF51D460D250030433D /* SjekkUt-Bridging-Header.h */,
				6C740AB61B1888F700176D2E /* ut-name.png */,
				6C740AB01B187FA600176D2E /* dnt-logo.png */,
				6C740AAE1B187F9C00176D2E /* opptur-splash-compressed.jpg */,
				6C36A1421B0CA7E300169E98 /* positioning */,
				6C2F4EF21AE634B600E12F4E /* nb.lproj */,
				6C08F67E1A8A0C7B0091D70A /* FontAwesome.otf */,
				6C08F67B1A8A0ACD0091D70A /* Localizable.strings */,
				6C6FE15D1A82332C002B5DD5 /* Images.xcassets */,
				6C6FE15F1A82332C002B5DD5 /* LaunchScreen.xib */,
				6C6FE14E1A82332C002B5DD5 /* Info.plist */,
				6C6FE14F1A82332C002B5DD5 /* main.m */,
				6C08F6801A8A2B9B0091D70A /* Defines.h */,
				6C72A4041A8B92D300A47AEE /* Settings.bundle */,
				6C1D7A051B14BFF900007FAB /* PrefixHeader.pch */,
			);
			name = "Supporting Files";
			sourceTree = "<group>";
		};
		6C6FE17A1A823B5A002B5DD5 /* views */ = {
			isa = PBXGroup;
			children = (
				6CB40DF71D460D260030433D /* LoginView.swift */,
				6CE076311D47537A000ACAAA /* projects */,
				6CE076321D475388000ACAAA /* project/places */,
				6CA3E1411D4A48EB003BA194 /* place */,
				6C72A3FC1A8B833600A47AEE /* style */,
				6C6FE15A1A82332C002B5DD5 /* Main.storyboard */,
				6C7064531A83824E00291137 /* SummitView.h */,
				6C7064541A83824E00291137 /* SummitView.m */,
				6C1409A21B3000F700392F64 /* RulesView.h */,
				6C1409A31B3000F700392F64 /* RulesView.m */,
			);
			name = views;
			sourceTree = "<group>";
		};
		6C70642B1A82AD5900291137 /* model */ = {
			isa = PBXGroup;
			children = (
				6CC799C11D52110B00DFAF10 /* Checkin.h */,
				6CC799C21D52110B00DFAF10 /* Checkin.m */,
				6CC799BF1D52110B00DFAF10 /* Checkin+CoreDataProperties.h */,
				6CC799C01D52110B00DFAF10 /* Checkin+CoreDataProperties.m */,
				6C08F66C1A88C1760091D70A /* Checkin+Extension.h */,
				6CDE758C1AEA50F00067110C /* CheckinStatistics.h */,
				6CDE758D1AEA50F00067110C /* CheckinStatistics.m */,
				6C54213D1AC98D8100F8315F /* CheckinStatistics+Extension.h */,
				6C54213E1AC98D8100F8315F /* CheckinStatistics+Extension.m */,
				6CDE75901AEA50F10067110C /* Comment.h */,
				6CDE75911AEA50F10067110C /* Comment.m */,
				6C4A96781D63288D00EA0B50 /* DntGroup.h */,
				6C4A96791D63288D00EA0B50 /* DntGroup.m */,
				6C4A96761D63288D00EA0B50 /* DntGroup+CoreDataProperties.h */,
				6C4A96771D63288D00EA0B50 /* DntGroup+CoreDataProperties.m */,
				6CC799B81D51F5F700DFAF10 /* DntImage.h */,
				6CC799B91D51F5F700DFAF10 /* DntImage.m */,
				6CC799B61D51F5F700DFAF10 /* DntImage+CoreDataProperties.h */,
				6CC799B71D51F5F700DFAF10 /* DntImage+CoreDataProperties.m */,
				6C04BE371D61C60500741C42 /* DntImageSize.h */,
				6C04BE381D61C60500741C42 /* DntImageSize.m */,
				6C04BE351D61C60500741C42 /* DntImageSize+CoreDataProperties.h */,
				6C04BE361D61C60500741C42 /* DntImageSize+CoreDataProperties.m */,
				6C5421451AC98FDE00F8315F /* EntityScaffold.h */,
				6C5421461AC98FDE00F8315F /* EntityScaffold.m */,
				6C70642D1A82AE3000291137 /* ModelController.h */,
				6C70642E1A82AE3000291137 /* ModelController.m */,
				6C7C02771D4898D900853166 /* old */,
				6C7C027A1D48A00600853166 /* Place.h */,
				6C7C027B1D48A00600853166 /* Place.m */,
				6C7C02781D48A00600853166 /* Place+CoreDataProperties.h */,
				6C7C02791D48A00600853166 /* Place+CoreDataProperties.m */,
				6CE0763A1D4763B8000ACAAA /* Project.h */,
				6CE0763B1D4763B8000ACAAA /* Project.m */,
				6CE076381D4763B8000ACAAA /* Project+CoreDataProperties.h */,
				6CE076391D4763B8000ACAAA /* Project+CoreDataProperties.m */,
				6C6FE1541A82332C002B5DD5 /* SjekkUt.xcdatamodeld */,
			);
			name = model;
			sourceTree = "<group>";
		};
		6C70642C1A82ADB200291137 /* controller */ = {
			isa = PBXGroup;
			children = (
				6C6FE1511A82332C002B5DD5 /* AppDelegate.h */,
				6C6FE1521A82332C002B5DD5 /* AppDelegate.m */,
				6C70645B1A83838700291137 /* Location.h */,
				6C70645C1A83838700291137 /* Location.m */,
			);
			name = controller;
			sourceTree = "<group>";
		};
		6C72A3FC1A8B833600A47AEE /* style */ = {
			isa = PBXGroup;
			children = (
				6C72A3F91A8B80E700A47AEE /* SjekkUtStyle.h */,
				6C72A3FA1A8B80E700A47AEE /* SjekkUtStyle.m */,
				6C72A3FD1A8B835700A47AEE /* CheckinButton.h */,
				6C72A3FE1A8B835700A47AEE /* CheckinButton.m */,
				6C72A4061A8CE5CF00A47AEE /* DntNavigationBar.h */,
				6C72A4071A8CE5CF00A47AEE /* DntNavigationBar.m */,
				6C70A5351AFA4C150032187D /* DntRedView.h */,
				6C70A5361AFA4C150032187D /* DntRedView.m */,
				6CD3E3631D532DC900A90E12 /* DntColor.swift */,
			);
			name = style;
			sourceTree = "<group>";
		};
		6C7C02771D4898D900853166 /* old */ = {
			isa = PBXGroup;
			children = (
				6C36A13D1B0C99B100169E98 /* Challenge.h */,
				6C36A13E1B0C99B100169E98 /* Challenge.m */,
				6C36A12A1B0C855300169E98 /* Challenge+Extension.h */,
				6C36A12B1B0C855300169E98 /* Challenge+Extension.m */,
				6C36A13A1B0C99B100169E98 /* Summit.h */,
				6C36A13B1B0C99B100169E98 /* Summit.m */,
				6C7064391A82B70100291137 /* Summit+Extension.h */,
				6C70643A1A82B70100291137 /* Summit+Extension.m */,
			);
			name = old;
			sourceTree = "<group>";
		};
		6CA3E1381D49EF3F003BA194 /* secret */ = {
			isa = PBXGroup;
			children = (
				6CA3E13C1D49EF57003BA194 /* www.dnt.no.client_id */,
				6CA3E1391D49EF57003BA194 /* www.dnt.no.client_secret */,
				6CA3E13A1D49EF57003BA194 /* api.nasjonalturbase.no.api_key */,
				6CA3E13B1D49EF57003BA194 /* dev.nasjonalturbase.no.api_key */,
				6CDC3E0A1D54ABF2003A0F3B /* maps.google.com.static.api_key */,
			);
			name = secret;
			sourceTree = "<group>";
		};
		6CA3E1411D4A48EB003BA194 /* place */ = {
			isa = PBXGroup;
			children = (
				6CA3E1421D4A4908003BA194 /* PlaceView.swift */,
			);
			name = place;
			sourceTree = "<group>";
		};
		6CE0760B1D474C89000ACAAA /* SjekkUtTests */ = {
			isa = PBXGroup;
			children = (
				6C7380661D59C9400052B063 /* InfoPlist.strings */,
				6C7380611D59C93F0052B063 /* Localizable.strings */,
				6CE076241D474E03000ACAAA /* Info.plist */,
				6C08F6641A88AA810091D70A /* LocationTest.m */,
				6C70643D1A82B72200291137 /* ModelTest.m */,
				6C7064331A82AF5700291137 /* BackendTest.m */,
				6C08F6661A88BB990091D70A /* NetworkTest.m */,
				6CE0760C1D474C89000ACAAA /* SjekkUtTests.m */,
				6CE076271D474F76000ACAAA /* TestDntApi.swift */,
				6CE076261D474F76000ACAAA /* SjekkUtTests-Bridging-Header.h */,
			);
			path = SjekkUtTests;
			sourceTree = "<group>";
		};
		6CE076311D47537A000ACAAA /* projects */ = {
			isa = PBXGroup;
			children = (
				6CE0762E1D4751E8000ACAAA /* ProjectListView.swift */,
				6CC799AE1D51E96800DFAF10 /* ProjectCell.swift */,
			);
			name = projects;
			sourceTree = "<group>";
		};
		6CE076321D475388000ACAAA /* project/places */ = {
			isa = PBXGroup;
			children = (
				6C7C02801D48A36A00853166 /* PlaceListView.swift */,
				6C7C027E1D48A34100853166 /* PlaceCell.swift */,
				6C35DAAB1D535A930048114B /* PlaceSearch.swift */,
			);
			name = project/places;
			sourceTree = "<group>";
		};
		6CE076341D4757E0000ACAAA /* network */ = {
			isa = PBXGroup;
			children = (
				6CE076351D4757EA000ACAAA /* TurbasenApi.swift */,
				6CB04DBF1D48C9AC0024DE11 /* SjekkUtApi.swift */,
				6C5FDB151D48CFE300B7D25E /* DntApi.swift */,
			);
			name = network;
			sourceTree = "<group>";
		};
		F3C9BB714248B153D070C0F1 /* Frameworks */ = {
			isa = PBXGroup;
			children = (
				6316F0F599F97DE781965E07 /* Pods_SjekkUt.framework */,
				2BF84291107163DE673862F6 /* Pods_SjekkUtTests.framework */,
			);
			name = Frameworks;
			sourceTree = "<group>";
		};
/* End PBXGroup section */

/* Begin PBXNativeTarget section */
		6C6FE1491A82332C002B5DD5 /* SjekkUt */ = {
			isa = PBXNativeTarget;
			buildConfigurationList = 6C6FE1701A82332C002B5DD5 /* Build configuration list for PBXNativeTarget "SjekkUt" */;
			buildPhases = (
				B67BB836DD9B94C0FA0E4FEC /* [CP] Check Pods Manifest.lock */,
				6C0C57A11B3BDFC700AB2B5E /* ShellScript */,
				6C6FE1461A82332C002B5DD5 /* Sources */,
				6C6FE1471A82332C002B5DD5 /* Frameworks */,
				6C6FE1481A82332C002B5DD5 /* Resources */,
				3E855C73B12430B8C948D315 /* [CP] Embed Pods Frameworks */,
				A8561C9F947E64B593A199AA /* [CP] Copy Pods Resources */,
			);
			buildRules = (
			);
			dependencies = (
			);
			name = SjekkUt;
			productName = Opptur;
			productReference = 6C6FE14A1A82332C002B5DD5 /* SjekkUT.app */;
			productType = "com.apple.product-type.application";
		};
		6CE076091D474C89000ACAAA /* SjekkUtTests */ = {
			isa = PBXNativeTarget;
			buildConfigurationList = 6CE076111D474C89000ACAAA /* Build configuration list for PBXNativeTarget "SjekkUtTests" */;
			buildPhases = (
				6065CFD41067320B41AD26AF /* [CP] Check Pods Manifest.lock */,
				6CE076061D474C89000ACAAA /* Sources */,
				6CE076071D474C89000ACAAA /* Frameworks */,
				6CE076081D474C89000ACAAA /* Resources */,
				AB92F6111CD88624C31A39D2 /* [CP] Embed Pods Frameworks */,
				022BF3701C770395AFCCDC6D /* [CP] Copy Pods Resources */,
			);
			buildRules = (
			);
			dependencies = (
				6CE076101D474C89000ACAAA /* PBXTargetDependency */,
			);
			name = SjekkUtTests;
			productName = SjekkUtTests;
			productReference = 6CE0760A1D474C89000ACAAA /* SjekkUtTests.xctest */;
			productType = "com.apple.product-type.bundle.unit-test";
		};
/* End PBXNativeTarget section */

/* Begin PBXProject section */
		6C6FE1421A82332C002B5DD5 /* Project object */ = {
			isa = PBXProject;
			attributes = {
				LastSwiftUpdateCheck = 0730;
				LastUpgradeCheck = 0730;
				ORGANIZATIONNAME = "Den Norske Turistforening";
				TargetAttributes = {
					6C6FE1491A82332C002B5DD5 = {
						CreatedOnToolsVersion = 6.1.1;
						DevelopmentTeam = 4835QGEA88;
					};
					6CE076091D474C89000ACAAA = {
						CreatedOnToolsVersion = 7.3.1;
						TestTargetID = 6C6FE1491A82332C002B5DD5;
					};
				};
			};
			buildConfigurationList = 6C6FE1451A82332C002B5DD5 /* Build configuration list for PBXProject "SjekkUt" */;
			compatibilityVersion = "Xcode 6.3";
			developmentRegion = English;
			hasScannedForEncodings = 0;
			knownRegions = (
				en,
				Base,
				nb,
			);
			mainGroup = 6C6FE1411A82332C002B5DD5;
			productRefGroup = 6C6FE14B1A82332C002B5DD5 /* Products */;
			projectDirPath = "";
			projectRoot = "";
			targets = (
				6C6FE1491A82332C002B5DD5 /* SjekkUt */,
				6CE076091D474C89000ACAAA /* SjekkUtTests */,
			);
		};
/* End PBXProject section */

/* Begin PBXResourcesBuildPhase section */
		6C6FE1481A82332C002B5DD5 /* Resources */ = {
			isa = PBXResourcesBuildPhase;
			buildActionMask = 2147483647;
			files = (
				6C36A1481B0CA8BB00169E98 /* cutehacks.gpx in Resources */,
				6CA3E13E1D49EF57003BA194 /* api.nasjonalturbase.no.api_key in Resources */,
				6CA3E13F1D49EF57003BA194 /* dev.nasjonalturbase.no.api_key in Resources */,
				6C72A4051A8B92D300A47AEE /* Settings.bundle in Resources */,
				6C08F6791A8A0ACD0091D70A /* Localizable.strings in Resources */,
				6C36A1411B0CA7DB00169E98 /* storskrymten.gpx in Resources */,
				6C6FE15C1A82332C002B5DD5 /* Main.storyboard in Resources */,
				6C08F67F1A8A0C7B0091D70A /* FontAwesome.otf in Resources */,
				6C6FE1611A82332C002B5DD5 /* LaunchScreen.xib in Resources */,
				6C2F4EF11AE6348400E12F4E /* InfoPlist.strings in Resources */,
				6CA3E1401D49EF57003BA194 /* www.dnt.no.client_id in Resources */,
				6C36A1441B0CA8A100169E98 /* besselvassheia.gpx in Resources */,
				6C740AAF1B187F9C00176D2E /* opptur-splash-compressed.jpg in Resources */,
				6CA3E13D1D49EF57003BA194 /* www.dnt.no.client_secret in Resources */,
				6C6FE15E1A82332C002B5DD5 /* Images.xcassets in Resources */,
				6C740AB11B187FA600176D2E /* dnt-logo.png in Resources */,
				6CDC3E0B1D54ABF2003A0F3B /* maps.google.com.static.api_key in Resources */,
				6C740AB71B1888F700176D2E /* ut-name.png in Resources */,
			);
			runOnlyForDeploymentPostprocessing = 0;
		};
		6CE076081D474C89000ACAAA /* Resources */ = {
			isa = PBXResourcesBuildPhase;
			buildActionMask = 2147483647;
			files = (
				6C7380641D59C9400052B063 /* InfoPlist.strings in Resources */,
				6C73805F1D59C93F0052B063 /* Localizable.strings in Resources */,
				6CE5268E1D50744C00D3419B /* api.nasjonalturbase.no.api_key in Resources */,
				6CE5268D1D50744900D3419B /* www.dnt.no.client_secret in Resources */,
				6CE5268F1D50745000D3419B /* dev.nasjonalturbase.no.api_key in Resources */,
				6CE5268C1D50744600D3419B /* www.dnt.no.client_id in Resources */,
			);
			runOnlyForDeploymentPostprocessing = 0;
		};
/* End PBXResourcesBuildPhase section */

/* Begin PBXShellScriptBuildPhase section */
		022BF3701C770395AFCCDC6D /* [CP] Copy Pods Resources */ = {
			isa = PBXShellScriptBuildPhase;
			buildActionMask = 2147483647;
			files = (
			);
			inputPaths = (
			);
			name = "[CP] Copy Pods Resources";
			outputPaths = (
			);
			runOnlyForDeploymentPostprocessing = 0;
			shellPath = /bin/sh;
			shellScript = "\"${SRCROOT}/Pods/Target Support Files/Pods-SjekkUtTests/Pods-SjekkUtTests-resources.sh\"\n";
			showEnvVarsInLog = 0;
		};
		3E855C73B12430B8C948D315 /* [CP] Embed Pods Frameworks */ = {
			isa = PBXShellScriptBuildPhase;
			buildActionMask = 2147483647;
			files = (
			);
			inputPaths = (
			);
			name = "[CP] Embed Pods Frameworks";
			outputPaths = (
			);
			runOnlyForDeploymentPostprocessing = 0;
			shellPath = /bin/sh;
			shellScript = "\"${SRCROOT}/Pods/Target Support Files/Pods-SjekkUt/Pods-SjekkUt-frameworks.sh\"\n";
			showEnvVarsInLog = 0;
		};
		6065CFD41067320B41AD26AF /* [CP] Check Pods Manifest.lock */ = {
			isa = PBXShellScriptBuildPhase;
			buildActionMask = 2147483647;
			files = (
			);
			inputPaths = (
			);
			name = "[CP] Check Pods Manifest.lock";
			outputPaths = (
			);
			runOnlyForDeploymentPostprocessing = 0;
			shellPath = /bin/sh;
			shellScript = "diff \"${PODS_ROOT}/../Podfile.lock\" \"${PODS_ROOT}/Manifest.lock\" > /dev/null\nif [[ $? != 0 ]] ; then\n    cat << EOM\nerror: The sandbox is not in sync with the Podfile.lock. Run 'pod install' or update your CocoaPods installation.\nEOM\n    exit 1\nfi\n";
			showEnvVarsInLog = 0;
		};
		6C0C57A11B3BDFC700AB2B5E /* ShellScript */ = {
			isa = PBXShellScriptBuildPhase;
			buildActionMask = 8;
			files = (
			);
			inputPaths = (
			);
			outputPaths = (
			);
			runOnlyForDeploymentPostprocessing = 1;
			shellPath = /bin/sh;
			shellScript = "buildNumber=$(/usr/libexec/PlistBuddy -c \"Print CFBundleVersion\" \"${PROJECT_DIR}/${INFOPLIST_FILE}\")\nbuildNumber=$(($buildNumber + 1))\n/usr/libexec/PlistBuddy -c \"Set :CFBundleVersion $buildNumber\" \"${PROJECT_DIR}/${INFOPLIST_FILE}\"";
		};
		A8561C9F947E64B593A199AA /* [CP] Copy Pods Resources */ = {
			isa = PBXShellScriptBuildPhase;
			buildActionMask = 2147483647;
			files = (
			);
			inputPaths = (
			);
			name = "[CP] Copy Pods Resources";
			outputPaths = (
			);
			runOnlyForDeploymentPostprocessing = 0;
			shellPath = /bin/sh;
			shellScript = "\"${SRCROOT}/Pods/Target Support Files/Pods-SjekkUt/Pods-SjekkUt-resources.sh\"\n";
			showEnvVarsInLog = 0;
		};
		AB92F6111CD88624C31A39D2 /* [CP] Embed Pods Frameworks */ = {
			isa = PBXShellScriptBuildPhase;
			buildActionMask = 2147483647;
			files = (
			);
			inputPaths = (
			);
			name = "[CP] Embed Pods Frameworks";
			outputPaths = (
			);
			runOnlyForDeploymentPostprocessing = 0;
			shellPath = /bin/sh;
			shellScript = "\"${SRCROOT}/Pods/Target Support Files/Pods-SjekkUtTests/Pods-SjekkUtTests-frameworks.sh\"\n";
			showEnvVarsInLog = 0;
		};
		B67BB836DD9B94C0FA0E4FEC /* [CP] Check Pods Manifest.lock */ = {
			isa = PBXShellScriptBuildPhase;
			buildActionMask = 2147483647;
			files = (
			);
			inputPaths = (
			);
			name = "[CP] Check Pods Manifest.lock";
			outputPaths = (
			);
			runOnlyForDeploymentPostprocessing = 0;
			shellPath = /bin/sh;
			shellScript = "diff \"${PODS_ROOT}/../Podfile.lock\" \"${PODS_ROOT}/Manifest.lock\" > /dev/null\nif [[ $? != 0 ]] ; then\n    cat << EOM\nerror: The sandbox is not in sync with the Podfile.lock. Run 'pod install' or update your CocoaPods installation.\nEOM\n    exit 1\nfi\n";
			showEnvVarsInLog = 0;
		};
/* End PBXShellScriptBuildPhase section */

/* Begin PBXSourcesBuildPhase section */
		6C6FE1461A82332C002B5DD5 /* Sources */ = {
			isa = PBXSourcesBuildPhase;
			buildActionMask = 2147483647;
			files = (
				6CD3E3641D532DC900A90E12 /* DntColor.swift in Sources */,
				6C04BE391D61C60500741C42 /* DntImageSize+CoreDataProperties.m in Sources */,
				6C4A967B1D63288E00EA0B50 /* DntGroup.m in Sources */,
				6C6FE1531A82332C002B5DD5 /* AppDelegate.m in Sources */,
				6C70645D1A83838700291137 /* Location.m in Sources */,
				6CE0763C1D4763B8000ACAAA /* Project+CoreDataProperties.m in Sources */,
				6CE0762F1D4751E8000ACAAA /* ProjectListView.swift in Sources */,
				6CDE75951AEA50F10067110C /* Comment.m in Sources */,
				6C36A13C1B0C99B100169E98 /* Summit.m in Sources */,
				6C1F114A1B1087DA0003DD2B /* NSDateFormatter+instance.m in Sources */,
				6CC799BA1D51F5F700DFAF10 /* DntImage+CoreDataProperties.m in Sources */,
				6C6FE1561A82332C002B5DD5 /* SjekkUt.xcdatamodeld in Sources */,
				6CE526911D507BA700D3419B /* DntExtensions.swift in Sources */,
				6C72A3FB1A8B80E700A47AEE /* SjekkUtStyle.m in Sources */,
				6C5421471AC98FDE00F8315F /* EntityScaffold.m in Sources */,
				6CC799AF1D51E96800DFAF10 /* ProjectCell.swift in Sources */,
				6CDE75931AEA50F10067110C /* CheckinStatistics.m in Sources */,
				6C4A967D1D64492C00EA0B50 /* ObjCHelpers.swift in Sources */,
				6C54213F1AC98D8100F8315F /* CheckinStatistics+Extension.m in Sources */,
				6C7C027C1D48A00600853166 /* Place+CoreDataProperties.m in Sources */,
				6C35DAAC1D535A930048114B /* PlaceSearch.swift in Sources */,
				6C7C027D1D48A00600853166 /* Place.m in Sources */,
				6C72A3FF1A8B835700A47AEE /* CheckinButton.m in Sources */,
				6CB04DC01D48C9AC0024DE11 /* SjekkUtApi.swift in Sources */,
				6CE076361D4757EA000ACAAA /* TurbasenApi.swift in Sources */,
				6CC799BB1D51F5F700DFAF10 /* DntImage.m in Sources */,
				6CE0763D1D4763B8000ACAAA /* Project.m in Sources */,
				6C70642F1A82AE3000291137 /* ModelController.m in Sources */,
				6C36A12F1B0C891300169E98 /* NSString+URL.m in Sources */,
				6C70A5371AFA4C150032187D /* DntRedView.m in Sources */,
				6C7C027F1D48A34100853166 /* PlaceCell.swift in Sources */,
				6CA3E1431D4A4908003BA194 /* PlaceView.swift in Sources */,
				6CC799C41D52110B00DFAF10 /* Checkin.m in Sources */,
				6CB40DF81D460D260030433D /* LoginView.swift in Sources */,
				6C5FDB161D48CFE300B7D25E /* DntApi.swift in Sources */,
				6C6FE1501A82332C002B5DD5 /* main.m in Sources */,
				6C04BE3A1D61C60500741C42 /* DntImageSize.m in Sources */,
				6C1409A41B3000F700392F64 /* RulesView.m in Sources */,
				6CC799C31D52110B00DFAF10 /* Checkin+CoreDataProperties.m in Sources */,
				6C36A13F1B0C99B200169E98 /* Challenge.m in Sources */,
				6C7C02811D48A36A00853166 /* PlaceListView.swift in Sources */,
				6C72A4081A8CE5CF00A47AEE /* DntNavigationBar.m in Sources */,
				6C4A967A1D63288D00EA0B50 /* DntGroup+CoreDataProperties.m in Sources */,
				6C36A12C1B0C855300169E98 /* Challenge+Extension.m in Sources */,
			);
			runOnlyForDeploymentPostprocessing = 0;
		};
		6CE076061D474C89000ACAAA /* Sources */ = {
			isa = PBXSourcesBuildPhase;
			buildActionMask = 2147483647;
			files = (
				6CE0762D1D475148000ACAAA /* Summit.m in Sources */,
				6CE526881D50730D00D3419B /* Challenge.m in Sources */,
				6CE076221D474D7A000ACAAA /* BackendTest.m in Sources */,
				6CE076291D475061000ACAAA /* LoginView.swift in Sources */,
				6CE5268A1D50731900D3419B /* EntityScaffold.m in Sources */,
				6CE076211D474D7A000ACAAA /* ModelTest.m in Sources */,
				6CE076301D4751E8000ACAAA /* ProjectListView.swift in Sources */,
				6CE526821D506DC000D3419B /* DntApi.swift in Sources */,
				6CE076371D4757EA000ACAAA /* TurbasenApi.swift in Sources */,
				6CE076231D474D7A000ACAAA /* NetworkTest.m in Sources */,
				6CE0762B1D47513E000ACAAA /* Location.m in Sources */,
				6CE526841D50721500D3419B /* PlaceListView.swift in Sources */,
				6CE076201D474D7A000ACAAA /* LocationTest.m in Sources */,
				6CE526871D5072AC00D3419B /* PlaceCell.swift in Sources */,
				6CE526831D50720F00D3419B /* ModelController.m in Sources */,
				6CE5268B1D50731F00D3419B /* Place.m in Sources */,
				6CE076281D474F76000ACAAA /* TestDntApi.swift in Sources */,
				6CE526851D50721C00D3419B /* Project.m in Sources */,
				6CE0760D1D474C89000ACAAA /* SjekkUtTests.m in Sources */,
			);
			runOnlyForDeploymentPostprocessing = 0;
		};
/* End PBXSourcesBuildPhase section */

/* Begin PBXTargetDependency section */
		6CE076101D474C89000ACAAA /* PBXTargetDependency */ = {
			isa = PBXTargetDependency;
			target = 6C6FE1491A82332C002B5DD5 /* SjekkUt */;
			targetProxy = 6CE0760F1D474C89000ACAAA /* PBXContainerItemProxy */;
		};
/* End PBXTargetDependency section */

/* Begin PBXVariantGroup section */
		6C08F67B1A8A0ACD0091D70A /* Localizable.strings */ = {
			isa = PBXVariantGroup;
			children = (
				6C08F67A1A8A0ACD0091D70A /* Base */,
				6C08F67C1A8A0ACF0091D70A /* nb */,
			);
			name = Localizable.strings;
			sourceTree = "<group>";
		};
		6C2F4EEF1AE6348400E12F4E /* InfoPlist.strings */ = {
			isa = PBXVariantGroup;
			children = (
				6C2F4EF01AE6348400E12F4E /* nb */,
			);
			name = InfoPlist.strings;
			sourceTree = "<group>";
		};
		6C6FE15A1A82332C002B5DD5 /* Main.storyboard */ = {
			isa = PBXVariantGroup;
			children = (
				6C6FE15B1A82332C002B5DD5 /* Base */,
				6C70644D1A83792900291137 /* nb */,
				6CBF319C1AF7B63800B1ABFC /* en */,
			);
			name = Main.storyboard;
			sourceTree = "<group>";
		};
		6C6FE15F1A82332C002B5DD5 /* LaunchScreen.xib */ = {
			isa = PBXVariantGroup;
			children = (
				6C6FE1601A82332C002B5DD5 /* Base */,
				6C70644E1A83792900291137 /* nb */,
			);
			name = LaunchScreen.xib;
			sourceTree = "<group>";
		};
		6C7380611D59C93F0052B063 /* Localizable.strings */ = {
			isa = PBXVariantGroup;
			children = (
				6C7380601D59C93F0052B063 /* nb */,
			);
			name = Localizable.strings;
			sourceTree = "<group>";
		};
		6C7380661D59C9400052B063 /* InfoPlist.strings */ = {
			isa = PBXVariantGroup;
			children = (
				6C7380651D59C9400052B063 /* nb */,
			);
			name = InfoPlist.strings;
			sourceTree = "<group>";
		};
/* End PBXVariantGroup section */

/* Begin XCBuildConfiguration section */
		6C6FE16E1A82332C002B5DD5 /* Debug */ = {
			isa = XCBuildConfiguration;
			buildSettings = {
				ALWAYS_SEARCH_USER_PATHS = NO;
				CLANG_CXX_LANGUAGE_STANDARD = "gnu++0x";
				CLANG_CXX_LIBRARY = "libc++";
				CLANG_ENABLE_MODULES = YES;
				CLANG_ENABLE_OBJC_ARC = YES;
				CLANG_WARN_BOOL_CONVERSION = YES;
				CLANG_WARN_CONSTANT_CONVERSION = YES;
				CLANG_WARN_DIRECT_OBJC_ISA_USAGE = YES_ERROR;
				CLANG_WARN_EMPTY_BODY = YES;
				CLANG_WARN_ENUM_CONVERSION = YES;
				CLANG_WARN_INT_CONVERSION = YES;
				CLANG_WARN_OBJC_ROOT_CLASS = YES_ERROR;
				CLANG_WARN_UNREACHABLE_CODE = YES;
				CLANG_WARN__DUPLICATE_METHOD_MATCH = YES;
				CURRENT_PROJECT_VERSION = 1;
				ENABLE_STRICT_OBJC_MSGSEND = YES;
				ENABLE_TESTABILITY = YES;
				GCC_C_LANGUAGE_STANDARD = gnu99;
				GCC_DYNAMIC_NO_PIC = NO;
				GCC_OPTIMIZATION_LEVEL = 0;
				GCC_PRECOMPILE_PREFIX_HEADER = YES;
				GCC_PREFIX_HEADER = SjekkUt/PrefixHeader.pch;
				GCC_PREPROCESSOR_DEFINITIONS = (
					"DEBUG=1",
					"$(inherited)",
				);
				GCC_SYMBOLS_PRIVATE_EXTERN = NO;
				GCC_WARN_64_TO_32_BIT_CONVERSION = YES;
				GCC_WARN_ABOUT_RETURN_TYPE = YES_ERROR;
				GCC_WARN_UNDECLARED_SELECTOR = YES;
				GCC_WARN_UNINITIALIZED_AUTOS = YES_AGGRESSIVE;
				GCC_WARN_UNUSED_FUNCTION = YES;
				GCC_WARN_UNUSED_VARIABLE = YES;
				IPHONEOS_DEPLOYMENT_TARGET = 8.4;
				MTL_ENABLE_DEBUG_INFO = YES;
				ONLY_ACTIVE_ARCH = YES;
				PROVISIONING_PROFILE = "ae980ed5-7c3b-4643-b997-00ac688a1a7f";
				SDKROOT = iphoneos;
				VERSIONING_SYSTEM = "apple-generic";
			};
			name = Debug;
		};
		6C6FE16F1A82332C002B5DD5 /* Release */ = {
			isa = XCBuildConfiguration;
			buildSettings = {
				ALWAYS_SEARCH_USER_PATHS = NO;
				CLANG_CXX_LANGUAGE_STANDARD = "gnu++0x";
				CLANG_CXX_LIBRARY = "libc++";
				CLANG_ENABLE_MODULES = YES;
				CLANG_ENABLE_OBJC_ARC = YES;
				CLANG_WARN_BOOL_CONVERSION = YES;
				CLANG_WARN_CONSTANT_CONVERSION = YES;
				CLANG_WARN_DIRECT_OBJC_ISA_USAGE = YES_ERROR;
				CLANG_WARN_EMPTY_BODY = YES;
				CLANG_WARN_ENUM_CONVERSION = YES;
				CLANG_WARN_INT_CONVERSION = YES;
				CLANG_WARN_OBJC_ROOT_CLASS = YES_ERROR;
				CLANG_WARN_UNREACHABLE_CODE = YES;
				CLANG_WARN__DUPLICATE_METHOD_MATCH = YES;
				CURRENT_PROJECT_VERSION = 1;
				ENABLE_NS_ASSERTIONS = NO;
				ENABLE_STRICT_OBJC_MSGSEND = YES;
				GCC_C_LANGUAGE_STANDARD = gnu99;
				GCC_PRECOMPILE_PREFIX_HEADER = YES;
				GCC_PREFIX_HEADER = SjekkUt/PrefixHeader.pch;
				GCC_WARN_64_TO_32_BIT_CONVERSION = YES;
				GCC_WARN_ABOUT_RETURN_TYPE = YES_ERROR;
				GCC_WARN_UNDECLARED_SELECTOR = YES;
				GCC_WARN_UNINITIALIZED_AUTOS = YES_AGGRESSIVE;
				GCC_WARN_UNUSED_FUNCTION = YES;
				GCC_WARN_UNUSED_VARIABLE = YES;
				IPHONEOS_DEPLOYMENT_TARGET = 8.4;
				MTL_ENABLE_DEBUG_INFO = NO;
				PROVISIONING_PROFILE = "ae980ed5-7c3b-4643-b997-00ac688a1a7f";
				SDKROOT = iphoneos;
				VALIDATE_PRODUCT = YES;
				VERSIONING_SYSTEM = "apple-generic";
			};
			name = Release;
		};
		6C6FE1711A82332C002B5DD5 /* Debug */ = {
			isa = XCBuildConfiguration;
			baseConfigurationReference = 8F95E3B3F3D6D2335BFF69CA /* Pods-SjekkUt.debug.xcconfig */;
			buildSettings = {
				ASSETCATALOG_COMPILER_APPICON_NAME = AppIcon;
				ASSETCATALOG_COMPILER_LAUNCHIMAGE_NAME = LaunchImage;
				CLANG_ENABLE_MODULES = YES;
				CODE_SIGN_IDENTITY = "iPhone Developer";
				"CODE_SIGN_IDENTITY[sdk=iphoneos*]" = "iPhone Developer";
				DEFINES_MODULE = YES;
				INFOPLIST_FILE = SjekkUt/Info.plist;
				LD_RUNPATH_SEARCH_PATHS = "$(inherited) @executable_path/Frameworks";
				PRODUCT_BUNDLE_IDENTIFIER = "no.turistforeningen.$(PRODUCT_NAME:rfc1034identifier)";
				PRODUCT_NAME = SjekkUT;
				PROVISIONING_PROFILE = "";
				SWIFT_OBJC_BRIDGING_HEADER = "SjekkUt/SjekkUt-Bridging-Header.h";
				SWIFT_OPTIMIZATION_LEVEL = "-Onone";
			};
			name = Debug;
		};
		6C6FE1721A82332C002B5DD5 /* Release */ = {
			isa = XCBuildConfiguration;
			baseConfigurationReference = B72B88A6F20B85AC4FF0FBEA /* Pods-SjekkUt.release.xcconfig */;
			buildSettings = {
				ASSETCATALOG_COMPILER_APPICON_NAME = AppIcon;
				ASSETCATALOG_COMPILER_LAUNCHIMAGE_NAME = LaunchImage;
				CLANG_ENABLE_MODULES = YES;
				CODE_SIGN_IDENTITY = "iPhone Developer";
				"CODE_SIGN_IDENTITY[sdk=iphoneos*]" = "iPhone Developer";
				DEFINES_MODULE = YES;
				INFOPLIST_FILE = SjekkUt/Info.plist;
				LD_RUNPATH_SEARCH_PATHS = "$(inherited) @executable_path/Frameworks";
				PRODUCT_BUNDLE_IDENTIFIER = "no.turistforeningen.$(PRODUCT_NAME:rfc1034identifier)";
				PRODUCT_NAME = SjekkUT;
				PROVISIONING_PROFILE = "";
				SWIFT_OBJC_BRIDGING_HEADER = "SjekkUt/SjekkUt-Bridging-Header.h";
			};
			name = Release;
		};
		6CE076121D474C89000ACAAA /* Debug */ = {
			isa = XCBuildConfiguration;
			baseConfigurationReference = 9A0CFA57E75EA2B927443816 /* Pods-SjekkUtTests.debug.xcconfig */;
			buildSettings = {
				BUNDLE_LOADER = "$(TEST_HOST)";
				CLANG_ANALYZER_NONNULL = YES;
				CLANG_ENABLE_MODULES = YES;
				"CODE_SIGN_IDENTITY[sdk=iphoneos*]" = "iPhone Developer";
				COPY_PHASE_STRIP = NO;
				DEBUG_INFORMATION_FORMAT = dwarf;
				GCC_NO_COMMON_BLOCKS = YES;
				INFOPLIST_FILE = SjekkUtTests/Info.plist;
				IPHONEOS_DEPLOYMENT_TARGET = 9.3;
				LD_RUNPATH_SEARCH_PATHS = "$(inherited) @executable_path/Frameworks @loader_path/Frameworks";
				PRODUCT_BUNDLE_IDENTIFIER = com.cutehacks.SjekkUtTests;
				PRODUCT_NAME = "$(TARGET_NAME)";
				SWIFT_OBJC_BRIDGING_HEADER = "SjekkUtTests/SjekkUtTests-Bridging-Header.h";
				SWIFT_OPTIMIZATION_LEVEL = "-Onone";
				TEST_HOST = "$(BUILT_PRODUCTS_DIR)/SjekkUt.app/SjekkUt";
			};
			name = Debug;
		};
		6CE076131D474C89000ACAAA /* Release */ = {
			isa = XCBuildConfiguration;
			baseConfigurationReference = BABDD852E1611202A6E0BF98 /* Pods-SjekkUtTests.release.xcconfig */;
			buildSettings = {
				BUNDLE_LOADER = "$(TEST_HOST)";
				CLANG_ANALYZER_NONNULL = YES;
				CLANG_ENABLE_MODULES = YES;
				"CODE_SIGN_IDENTITY[sdk=iphoneos*]" = "iPhone Developer";
				COPY_PHASE_STRIP = NO;
				DEBUG_INFORMATION_FORMAT = "dwarf-with-dsym";
				GCC_NO_COMMON_BLOCKS = YES;
				INFOPLIST_FILE = SjekkUtTests/Info.plist;
				IPHONEOS_DEPLOYMENT_TARGET = 9.3;
				LD_RUNPATH_SEARCH_PATHS = "$(inherited) @executable_path/Frameworks @loader_path/Frameworks";
				PRODUCT_BUNDLE_IDENTIFIER = com.cutehacks.SjekkUtTests;
				PRODUCT_NAME = "$(TARGET_NAME)";
				SWIFT_OBJC_BRIDGING_HEADER = "SjekkUtTests/SjekkUtTests-Bridging-Header.h";
				TEST_HOST = "$(BUILT_PRODUCTS_DIR)/SjekkUt.app/SjekkUt";
			};
			name = Release;
		};
/* End XCBuildConfiguration section */

/* Begin XCConfigurationList section */
		6C6FE1451A82332C002B5DD5 /* Build configuration list for PBXProject "SjekkUt" */ = {
			isa = XCConfigurationList;
			buildConfigurations = (
				6C6FE16E1A82332C002B5DD5 /* Debug */,
				6C6FE16F1A82332C002B5DD5 /* Release */,
			);
			defaultConfigurationIsVisible = 0;
			defaultConfigurationName = Release;
		};
		6C6FE1701A82332C002B5DD5 /* Build configuration list for PBXNativeTarget "SjekkUt" */ = {
			isa = XCConfigurationList;
			buildConfigurations = (
				6C6FE1711A82332C002B5DD5 /* Debug */,
				6C6FE1721A82332C002B5DD5 /* Release */,
			);
			defaultConfigurationIsVisible = 0;
			defaultConfigurationName = Release;
		};
		6CE076111D474C89000ACAAA /* Build configuration list for PBXNativeTarget "SjekkUtTests" */ = {
			isa = XCConfigurationList;
			buildConfigurations = (
				6CE076121D474C89000ACAAA /* Debug */,
				6CE076131D474C89000ACAAA /* Release */,
			);
			defaultConfigurationIsVisible = 0;
			defaultConfigurationName = Release;
		};
/* End XCConfigurationList section */

/* Begin XCVersionGroup section */
		6C6FE1541A82332C002B5DD5 /* SjekkUt.xcdatamodeld */ = {
			isa = XCVersionGroup;
			children = (
				6C04BE341D61C55000741C42 /* 1.0.16.xcdatamodel */,
				6CE076331D475520000ACAAA /* 1.0.15.xcdatamodel */,
				6CEDA12E1B69251000B84E52 /* 1.0.14.xcdatamodel */,
				6C36A1261B0C836300169E98 /* 1.0.10.31.xcdatamodel */,
				6CEAB3441AFB581F00018A94 /* 1.0.9.25.xcdatamodel */,
				6C70A5331AFA1A420032187D /* 1.0.9.23.xcdatamodel */,
				6CDE75891AEA4F0B0067110C /* 1.0.7.0.xcdatamodel */,
				6C0E0DE61A9E0AE2004C760A /* 1.0.3.5.xcdatamodel */,
				6C5421381AC98CA300F8315F /* 1.0.4.0.xcdatamodel */,
				6C6FE1551A82332C002B5DD5 /* Opptur.xcdatamodel */,
			);
			currentVersion = 6C04BE341D61C55000741C42 /* 1.0.16.xcdatamodel */;
			path = SjekkUt.xcdatamodeld;
			sourceTree = "<group>";
			versionGroupType = wrapper.xcdatamodel;
		};
/* End XCVersionGroup section */
	};
	rootObject = 6C6FE1421A82332C002B5DD5 /* Project object */;
}
